{
    "_meta": {
        "hash": {
            "sha256": "54485c68dcc289cb7847c00d648e95b722d5eb8c599076b6b242d4244ae2a21d"
        },
        "pipfile-spec": 6,
        "requires": {
            "python_version": "3.7"
        },
        "sources": [
            {
                "name": "pypi",
                "url": "https://pypi.org/simple",
                "verify_ssl": true
            }
        ]
    },
    "default": {
        "apache-beam": {
            "hashes": [
                "sha256:012e327137dfb930aaed3b4ac2ead1e02e6e6e7d4522bc1f754c1ca5b0fdf323",
                "sha256:1131305399c4b4ba70343c06e916776c1c1c63d06fa502f43f920f82618e92c5",
                "sha256:1f67d67700a2cdd65d56217051782d29fa0093d1ab54b41f56317e86eb1f5976",
                "sha256:2f4e2eb2bc7bb4708e7cd410df27ed0f9d381548518145e41e91f7e1c4782634",
                "sha256:4ecd84bc6f24bcae42a9c21b4083ac1b5bead6959561c89d12a58791d889d3f3",
                "sha256:4fd3f3f40e0cdb4af5d15a503202279673e5785e0e236f4c626d4af854d42c95",
                "sha256:5a59c86ae8ece0b25caa8b9e98a1f86c5b6ff11952f18b2927ad330c4f78ee05",
                "sha256:64aa719719a6da24332d5b93ee55d81fd6796629d68a1c7a57418e9fc1d6079f",
                "sha256:67528395952694067371878b02d8d12dd43c41fe532fddb30682767867a23534",
                "sha256:7a81b47b74c2db6ab510a982d5e49b922d04f3ed06ab71bb229db249cac92767",
                "sha256:a2b7289c3b6a7801cad5dd9114c34872e31f13f939f94e0f67621687a95eef08",
                "sha256:a34b55de1115198837a567f64fb89d944d008c5e236fd70e89cead52684e1d4c",
                "sha256:b7c8ae4575b659853331b1e264e8c9ba64219b15927b442116d2e82f66589acf",
                "sha256:eb4e0a328815abfe6c388882ee5da13ff2bdfed84601428e10b7ce248fa6a28a",
                "sha256:fab8867790079409080e571c9266884d2fe48e270a2e3729258a73b2efa17c83"
            ],
            "index": "pypi",
            "version": "==2.19.0"
        },
        "avro-python3": {
            "hashes": [
                "sha256:a455c215540b1fceb1823e2a918e94959b54cb363307c97869aa46b5b55bde05"
            ],
            "markers": "python_version >= '3.0'",
            "version": "==1.10.0"
        },
        "certifi": {
            "hashes": [
                "sha256:5930595817496dd21bb8dc35dad090f1c2cd0adfaf21204bf6732ca5d8ee34d3",
                "sha256:8fc0819f1f30ba15bdb34cceffb9ef04d99f420f68eb75d901e9560b8749fc41"
            ],
            "version": "==2020.6.20"
        },
        "chardet": {
            "hashes": [
                "sha256:84ab92ed1c4d4f16916e05906b6b75a6c0fb5db821cc65e70cbd64a3e2a5eaae",
                "sha256:fc323ffcaeaed0e0a02bf4d117757b98aed530d9ed4531e3e15460124c106691"
            ],
            "version": "==3.0.4"
        },
        "crcmod": {
            "hashes": [
                "sha256:dc7051a0db5f2bd48665a990d3ec1cc305a466a77358ca4492826f41f283601e"
            ],
            "version": "==1.7"
        },
        "dill": {
            "hashes": [
                "sha256:42d8ef819367516592a825746a18073ced42ca169ab1f5f4044134703e7a049c"
            ],
            "version": "==0.3.1.1"
        },
        "dnspython": {
            "hashes": [
                "sha256:36c5e8e38d4369a08b6780b7f27d790a292b2b08eea01607865bf0936c558e01",
                "sha256:f69c21288a962f4da86e56c4905b49d11aba7938d3d740e80d9e366ee4f1632d"
            ],
            "version": "==1.16.0"
        },
        "docopt": {
            "hashes": [
                "sha256:49b3a825280bd66b3aa83585ef59c4a8c82f2c8a522dbe754a8bc8d08c85c491"
            ],
            "version": "==0.6.2"
        },
        "fastavro": {
            "hashes": [
                "sha256:060318a74998ed3da2c1716c8caec65b17538907a5cabccbe8a013ce3f39b309",
                "sha256:09eece85856dc6072f3e1642bc17acb0c735444a12c3bb0945d3621919d66adf",
                "sha256:0a1490b2ce7103de69bf8ef5d6b9d2e793a65fce69e189f71ffe0aa68bb14dc8",
                "sha256:25c5e1871fb82795f138aa209ca89cac940b80bf36fc644615354028bfd87638",
                "sha256:46db01aa4366f2d57241e9ea6ac2d5f5432cf7f3f9ce061e93cab6827843e14b",
                "sha256:4d34ad490769d3ecf26ceec50dcfb78a8e63fc156326c6ac6281d99096ffcfff",
                "sha256:53833334d669fd2600184dcc9e12725ad4fb7d8934a5ff8f91bfd730373490c8",
                "sha256:58537507bb4307c1e5af7c95623893841a34dc3ddbaa3f03505d13ec5e605cd5",
                "sha256:7934a9c69bd0f4e627f56fec06a74d7fa328bf3d426bfc839e8c225c39d18a30",
                "sha256:7a9dd16c56de6519cbc3f1ca42144740b9ec68f0a2002fa5624fac9804e7f76c",
                "sha256:7ac9bcf6e1226393d6db163f33ab5915e98ebf867fdab8f6239dc15c26f474da",
                "sha256:893444166791e7692bf1c710aff375e57a2406e4122e0a3eeb3eac4c7a80f592",
                "sha256:89a84322f0e59dadf98fa646d25e1fee22e7b7b5361cd1d58fb651f8f5c4c848",
                "sha256:9b2860e5a20c36b42dba87fad925af269ebee51478ccf60deda91fb9a54042bf",
                "sha256:aca98476caf95371cdf3e140616d7ac6b0eb32d06d8b09a93746ff90a85623a4",
                "sha256:ae09b2a29fdd7a4c785e9208248b79931a5be631f6bb58629512afac02fe7dce",
                "sha256:c466e72b17efcea18d01ff8c006e2c63dea660fe9a0a27c4b8a8263101b57e51",
                "sha256:ed6564e60d1daf43885d1d33f54e8d3b70e8f8132f923eb49b2ba9580bfdbf4f"
            ],
            "version": "==0.21.24"
        },
        "future": {
            "hashes": [
                "sha256:b1bead90b70cf6ec3f0710ae53a525360fa360d306a86583adc6bf83a4db537d"
            ],
            "version": "==0.18.2"
        },
        "grpcio": {
            "hashes": [
                "sha256:0222ceec7e8dbddd18c6b027214fb3d55b78a823337f95730d4e157b733c5766",
                "sha256:04712ec521907b814445f915a834e090352173ede45c6063dfafa64a1e1eb86f",
                "sha256:07ed96a6c320505456be2e95edcdcec3e484beff9edaa46bdb6f9e5b88eebc2b",
                "sha256:1205bbe8bb41705dec20dc77c51205d05805d785ddae64dbbbbcc8063b7f1550",
                "sha256:143028a0421ac0af976a08fbc36de09e14cbdd74d4dc319f914e3511b737c659",
                "sha256:1664a3dbd34ab91172149526fb8ba18f626edb72448397280ec6f4d30dc34be4",
                "sha256:21077fc89374b3c25377010ca7ddde6287007a6f0a1c515887f43d5ad84dc431",
                "sha256:21c235f7f8f3a1fb6db387ffc9ceef38bd4b3f5185b4b6b43065a57fd1fcda20",
                "sha256:254a42e13d945c880a8d35a63c646227e691b7c085e433a505fbbaea362bfe1e",
                "sha256:47ccf4b6b3ae4fd192500a78af7f191f1c88ee7493744a75657b970b4b17e678",
                "sha256:57fb11dcf7d801ccae146f92a07f70545e8f0042354b856ccb9085f39c15564f",
                "sha256:5c232df1cea26f53b763d1fc2d28ddef209de2a7fb20efc8d6a19ea47ac61dbb",
                "sha256:60765d070dadfce363c74175ff96dbdf5b15f8bcf999bedafc972b938899fd7a",
                "sha256:62d2dbc5ab27fe7a33b30ab0395c1c65bf1033cca17e645279420094c99327a1",
                "sha256:66c1850ddd8e032655d947d18b56826c942c002e5e9a50b659389cbbb9d557df",
                "sha256:6a45081ece2279678f104e40a3683772fc1a917aac5c4352bd0769bd390470e5",
                "sha256:6ffe23e3f845ae7058b32f58b252bc367865d44a8c42838e16b5fe5727b174d4",
                "sha256:774678e29321fc76bbe01d25e8778fbe96fd2d9fbe774c24a122891b34f53918",
                "sha256:7e0029ec181c4d3ca76217f8c8b686b96a583d74b893ac86b514f6c37a74889b",
                "sha256:8872620c946733dbc6336243c98440ef4d1b2956578b682c2f67543aef98e815",
                "sha256:976f30637bb89b3ca714a3a762c825ef7c4bb38c6b43d7425c02e620ba47ef82",
                "sha256:a48518e831573c7592064fb67aab61b33c279c944da2632e5922badb422ce175",
                "sha256:a498effc32dd57dfde8d75b266d6656ab2bc0b20188ef3422f060244442c4b39",
                "sha256:b20f555557c12f4c7c32f298b8b8202da49902ce008e4c0bdb0a83f8de2355c9",
                "sha256:b380f590f28a51f31eaa1c6991b93f5af39158956a0e6bb7ab6fdd3e830055b6",
                "sha256:b9e672396fef071ecd4b0ffca59c05d668ddce19a44ef6c253f7d88bbe2ed246",
                "sha256:c7ffff3d6c935bf400d329ad33e2326e4917885f1faa3e985eb6bcf43bea88bc",
                "sha256:c9dd598f8b96e86f99628fbd615cbab97328557a77f06ad8cd720bc8a2125a8b",
                "sha256:ccefa3fc8a1fbed1beac7de64e6b28fa16c4fd224fad90213f9293dcb3ff1c0e",
                "sha256:ccf967e1e3d1f62cd63feeecca567511dd321b5b65abfb6c880264295a0e2df7",
                "sha256:d3d6f614b5e9c58afc45fbe0383bab206392f2901ebb7fe0027d4abadad7e4e6",
                "sha256:d41e2d75f836a0e0e637a7c383d668602063ec655de8bf4b3167b3d1fddabf41",
                "sha256:d9ac1cf1633ccc561d7d97ee0af3fbe262a6573c08a8f88cfea58caef1c73505",
                "sha256:e2555101f42dda5ca43ccef4a397ba9596a5f7c40dcfed6a81984374c6d60411",
                "sha256:e699ddfd287230b8efa6aca3932f7303e587025bdd4122ccbca9134857cca8a2",
                "sha256:e88210253bda4c92c22d74d122f43e53e204211b22dc5567367f40ce0197e378",
                "sha256:ec7ded77c8644a791fa09ad4d20b258b4b5aff1e4cc62e15e6c4b3a4e19eb898",
                "sha256:ef89d99d5fbdd453e52b4193d5cf74f773fafd682dfd87b4fa297dbf20feff50",
                "sha256:f19782ec5104599382a0f73f2dfea465d0e65f6818bb3c49ca672b97034c64c3",
                "sha256:f2c63017125fbffd70f674fc9988290578c836af7e6bb44f7284ff196af207c9",
                "sha256:f34df047f72ec675b61316e9d56904d069f5f9c4172bfee48e3f40d5c8e07df1",
                "sha256:f8816e38fbddd31216683a283b48294d7eabd4bf1e26f8cc0cb7bed896f44f30",
                "sha256:fb7e9029ec99568519f9a13a9da4e5a83020197ffbfb23a28fe4e58a2c3ae11c",
                "sha256:ffc6e264399ac5e48684f33213b086ce7a2163928a41518eca99e1d88c2069b0"
            ],
            "version": "==1.33.1"
        },
        "hdfs": {
            "hashes": [
                "sha256:1be117549fc1285571bc51aedc15df5a203138dba02f9adfa26761b69a949370"
            ],
            "version": "==2.5.8"
        },
        "httplib2": {
            "hashes": [
                "sha256:f61fb838a94ce3b349aa32c92fd8430f7e3511afdb18bf9640d647e30c90a6d6"
            ],
            "version": "==0.12.0"
        },
        "idna": {
            "hashes": [
                "sha256:b307872f855b18632ce0c21c5e45be78c0ea7ae4c15c828c20788b26921eb3f6",
                "sha256:b97d804b1e9b523befed77c48dacec60e6dcb0b5391d57af6a65a312a90648c0"
            ],
            "version": "==2.10"
        },
        "mock": {
            "hashes": [
                "sha256:5ce3c71c5545b472da17b72268978914d0252980348636840bd34a00b5cc96c1",
                "sha256:b158b6df76edd239b8208d481dc46b6afd45a846b7812ff0ce58971cf5bc8bba"
            ],
            "version": "==2.0.0"
        },
        "mysql-connector-python": {
            "hashes": [
                "sha256:09b001f873cde4257cd5042d34ae7cf51b69fe7cd8cc2cad9e3360d07c13201b",
                "sha256:0a7509141621f924b95f8b7faf1ff1d07e370dd6495bc99ae179cfe9fa792fa8",
                "sha256:1bd83c03f93074fc34fbe5f84f9020e61d05d7be4f0858903e5bb827f1a963d9",
                "sha256:2ad16dc19ad7a58df7affa897576efdbfb56a7ba054ff82be4117f84d5a4ccd4",
                "sha256:31a23bb8c299d7cdad3479ca315bc1d6232743c5c401c191d5a7ad92ecc41b61",
                "sha256:333220c48d34016da73d3f488ccc11a8f381710b8a8ec7b962963c1b8f48420e",
                "sha256:3baa01d76fed035427398690fc75168e25dcdfb4a52e0d5bf5854753eb36b60a",
                "sha256:58c79c204a2b0bc7a0180d38477e5be8312381c6bc93bdacc88a4c5cd50b793f",
                "sha256:5978312d49b06fdb5d4c1ca5f1e177ca85faa0d62e9d53ff758295376c840330",
                "sha256:66ab236b47665f9011c6d85005d0cb5bf8fe56ce0fc848ed7b0bdec955de31a9",
                "sha256:6eba8d6ed5c417411e7666ca8b6611191d17220339ad50cb833d8bd79cfb5472",
                "sha256:7cf6ea204253ad547fa00bfb099a9c0385ef4062e3b0757b499484cfce28d1a5",
                "sha256:8a3cd180c71cb9fcb30af763e51483ba5cedc3ab84e203b2633f0a72bad54d57",
                "sha256:91c64cb73a393c75ce346c1240b77282381e728e6b1ec1a2e7c9fc3da864218f",
                "sha256:95d1c22243adc59372a82ce6e913339a8b617f430ff7ce1b33427c71e109dd39",
                "sha256:a71dd71295cf450a00f9b2b305d213955abd26c2d0605fc27b2694cc93bd7b3b",
                "sha256:b505e76853ef4bbc1dee87c28dc144a5dc65693484cbc4379f156a3c584187d1",
                "sha256:c90618047b5b32de7fa48fb3694764bc157637582fe8dccb66830b76cccb0382",
                "sha256:e5c9105b067d6f7aee697e8fca4ec5dd11954340fd796eb18702a8aa77fe7910",
                "sha256:f22ed9b8abac4b4fab5071ac00a98738c7a97af99ffd05e64013f3fe4bfb2378",
                "sha256:f4f6d67336889e7b4c5d2462b877bc74bfabd37fc68829000e07c58f75989732",
                "sha256:fe3d32782e0d87d6d63be94db41d95833d8a0f0f2874049a7f29cbb2d0dfd965",
                "sha256:fedc6477f85e16897955583f4d1d08f60254a382ab8be986dd569775ea9eba59"
            ],
            "index": "pypi",
            "version": "==8.0.19"
        },
        "numpy": {
            "hashes": [
                "sha256:04c7d4ebc5ff93d9822075ddb1751ff392a4375e5885299445fcebf877f179d5",
                "sha256:0bfd85053d1e9f60234f28f63d4a5147ada7f432943c113a11afcf3e65d9d4c8",
                "sha256:0c66da1d202c52051625e55a249da35b31f65a81cb56e4c69af0dfb8fb0125bf",
                "sha256:0d310730e1e793527065ad7dde736197b705d0e4c9999775f212b03c44a8484c",
                "sha256:1669ec8e42f169ff715a904c9b2105b6640f3f2a4c4c2cb4920ae8b2785dac65",
                "sha256:2117536e968abb7357d34d754e3733b0d7113d4c9f1d921f21a3d96dec5ff716",
                "sha256:3733640466733441295b0d6d3dcbf8e1ffa7e897d4d82903169529fd3386919a",
                "sha256:4339741994c775396e1a274dba3609c69ab0f16056c1077f18979bec2a2c2e6e",
                "sha256:51ee93e1fac3fe08ef54ff1c7f329db64d8a9c5557e6c8e908be9497ac76374b",
                "sha256:54045b198aebf41bf6bf4088012777c1d11703bf74461d70cd350c0af2182e45",
                "sha256:58d66a6b3b55178a1f8a5fe98df26ace76260a70de694d99577ddeab7eaa9a9d",
                "sha256:59f3d687faea7a4f7f93bd9665e5b102f32f3fa28514f15b126f099b7997203d",
                "sha256:62139af94728d22350a571b7c82795b9d59be77fc162414ada6c8b6a10ef5d02",
                "sha256:7118f0a9f2f617f921ec7d278d981244ba83c85eea197be7c5a4f84af80a9c3c",
                "sha256:7c6646314291d8f5ea900a7ea9c4261f834b5b62159ba2abe3836f4fa6705526",
                "sha256:967c92435f0b3ba37a4257c48b8715b76741410467e2bdb1097e8391fccfae15",
                "sha256:9a3001248b9231ed73894c773142658bab914645261275f675d86c290c37f66d",
                "sha256:aba1d5daf1144b956bc87ffb87966791f5e9f3e1f6fab3d7f581db1f5b598f7a",
                "sha256:addaa551b298052c16885fc70408d3848d4e2e7352de4e7a1e13e691abc734c1",
                "sha256:b594f76771bc7fc8a044c5ba303427ee67c17a09b36e1fa32bde82f5c419d17a",
                "sha256:c35a01777f81e7333bcf276b605f39c872e28295441c265cd0c860f4b40148c1",
                "sha256:cebd4f4e64cfe87f2039e4725781f6326a61f095bc77b3716502bed812b385a9",
                "sha256:d526fa58ae4aead839161535d59ea9565863bb0b0bdb3cc63214613fb16aced4",
                "sha256:d7ac33585e1f09e7345aa902c281bd777fdb792432d27fca857f39b70e5dd31c",
                "sha256:e6ddbdc5113628f15de7e4911c02aed74a4ccff531842c583e5032f6e5a179bd",
                "sha256:eb25c381d168daf351147713f49c626030dcff7a393d5caa62515d415a6071d8"
            ],
            "version": "==1.19.2"
        },
        "oauth2client": {
            "hashes": [
                "sha256:5b5b056ec6f2304e7920b632885bd157fa71d1a7f3ddd00a43b1541a8d1a2460"
            ],
            "version": "==3.0.0"
        },
        "pbr": {
            "hashes": [
                "sha256:5fad80b613c402d5b7df7bd84812548b2a61e9977387a80a5fc5c396492b13c9",
                "sha256:b236cde0ac9a6aedd5e3c34517b423cd4fd97ef723849da6b0d2231142d89c00"
            ],
            "version": "==5.5.1"
        },
        "protobuf": {
            "hashes": [
                "sha256:10394a4d03af7060fa8a6e1cbf38cea44be1467053b0aea5bbfcb4b13c4b88c4",
                "sha256:1489b376b0f364bcc6f89519718c057eb191d7ad6f1b395ffd93d1aa45587811",
                "sha256:1931d8efce896981fe410c802fd66df14f9f429c32a72dd9cfeeac9815ec6444",
                "sha256:196d3a80f93c537f27d2a19a4fafb826fb4c331b0b99110f985119391d170f96",
                "sha256:46e34fdcc2b1f2620172d3a4885128705a4e658b9b62355ae5e98f9ea19f42c2",
                "sha256:4b92e235a3afd42e7493b281c8b80c0c65cbef45de30f43d571d1ee40a1f77ef",
                "sha256:574085a33ca0d2c67433e5f3e9a0965c487410d6cb3406c83bdaf549bfc2992e",
                "sha256:59cd75ded98094d3cf2d79e84cdb38a46e33e7441b2826f3838dcc7c07f82995",
                "sha256:5ee0522eed6680bb5bac5b6d738f7b0923b3cafce8c4b1a039a6107f0841d7ed",
                "sha256:65917cfd5da9dfc993d5684643063318a2e875f798047911a9dd71ca066641c9",
                "sha256:685bc4ec61a50f7360c9fd18e277b65db90105adbf9c79938bd315435e526b90",
                "sha256:92e8418976e52201364a3174e40dc31f5fd8c147186d72380cbda54e0464ee19",
                "sha256:9335f79d1940dfb9bcaf8ec881fb8ab47d7a2c721fb8b02949aab8bbf8b68625",
                "sha256:a7ee3bb6de78185e5411487bef8bc1c59ebd97e47713cba3c460ef44e99b3db9",
                "sha256:ceec283da2323e2431c49de58f80e1718986b79be59c266bb0509cbf90ca5b9e",
                "sha256:fcfc907746ec22716f05ea96b7f41597dfe1a1c088f861efb8a0d4f4196a6f10"
            ],
            "version": "==3.6.1"
        },
        "pyarrow": {
            "hashes": [
                "sha256:030d67418b129eb14a1c1f1af06b1a48c8074005d704789725ea6f5addaf3b26",
                "sha256:13f921560bac5ad46b17513696e38fede0c0e92ba750c7b350c0b231815bb706",
                "sha256:14dbc00edd14133c15d62c8d6c566a82a7497b077f253fc0c2dad62c7f85beaa",
                "sha256:17cda6ba594acf5a72058dd2e5ca2586fe8781fc8d20bd750a3b7c66c8b274b2",
                "sha256:1f3934b2add6839844443c1ac0eba64e14b2b8253563574d45d6831851b11d47",
                "sha256:2964a3fe09fbe704160734d00bef7b023699dc6a603dc8eb889b095effc464db",
                "sha256:364806e26769ca20a79b1ead301c7ce28fd0534eb6d411d441053288d7e45817",
                "sha256:41cf5ed34012c43b4ceeeeb2534e3454c77e852bc9175d2e506b45bad132db49",
                "sha256:4f0276e258065c82dcb7edfc28c343ccad15da02b25e57e7c60ceb80e3f7268b",
                "sha256:4fa03d2bc725e948f361a8ce7de271e39d90130ee3a3375793ac241b452c5bfa",
                "sha256:5a07222b80ae36219c558cb8875e7e346f779d0862ae277c68899db879cf5cd7",
                "sha256:5f6026673ceaa037cb41fbe86ce7ea6483cfdc91e51dea929fbbf81883a73d96",
                "sha256:7ad074690ba38313067bf3bbda1258966d38e2037c035d08b9ffe3cce07747a5",
                "sha256:87a2324a6e41faff3a482dbfc54a1f51bbf2d7da39ee728ec73869e2ef892a97",
                "sha256:b508b860486f75bcfeab72b98b4d8caa3a1517e5b7a9b3adcd5bc4539bff8a1a",
                "sha256:bc7200f7a97aea7301f61cd616b33069d1098e6d9178db6a34ccd43ea9223f53",
                "sha256:c70f7d0032be960d8dbd32661a9de062af184f411400ea2f4a13883ca11b0b1f",
                "sha256:f5af4cd64c774693af560576a6b8039d165596b1921031ca5d739bd2e7e0554b"
            ],
            "markers": "python_version >= '3.0' or platform_system != 'Windows'",
            "version": "==0.15.1"
        },
        "pyasn1": {
            "hashes": [
                "sha256:39c7e2ec30515947ff4e87fb6f456dfc6e84857d34be479c9d4a4ba4bf46aa5d",
                "sha256:aef77c9fb94a3ac588e87841208bdec464471d9871bd5050a287cc9a475cd0ba"
            ],
            "version": "==0.4.8"
        },
        "pyasn1-modules": {
            "hashes": [
                "sha256:905f84c712230b2c592c19470d3ca8d552de726050d1d1716282a1f6146be65e",
                "sha256:a50b808ffeb97cb3601dd25981f6b016cbb3d31fbf57a8b8a87428e6158d0c74"
            ],
            "version": "==0.2.8"
        },
        "pydot": {
            "hashes": [
                "sha256:67be714300c78fda5fd52f79ec994039e3f76f074948c67b5ff539b433ad354f",
                "sha256:d49c9d4dd1913beec2a997f831543c8cbd53e535b1a739e921642fe416235f01"
            ],
            "version": "==1.4.1"
        },
        "pymongo": {
            "hashes": [
                "sha256:03dc64a9aa7a5d405aea5c56db95835f6a2fa31b3502c5af1760e0e99210be30",
                "sha256:05fcc6f9c60e6efe5219fbb5a30258adb3d3e5cbd317068f3d73c09727f2abb6",
                "sha256:076a7f2f7c251635cf6116ac8e45eefac77758ee5a77ab7bd2f63999e957613b",
                "sha256:137e6fa718c7eff270dbd2fc4b90d94b1a69c9e9eb3f3de9e850a7fd33c822dc",
                "sha256:1f865b1d1c191d785106f54df9abdc7d2f45a946b45fd1ea0a641b4f982a2a77",
                "sha256:213c445fe7e654621c6309e874627c35354b46ef3ee807f5a1927dc4b30e1a67",
                "sha256:25e617daf47d8dfd4e152c880cd0741cbdb48e51f54b8de9ddbfe74ecd87dd16",
                "sha256:3d9bb1ba935a90ec4809a8031efd988bdb13cdba05d9e9a3e9bf151bf759ecde",
                "sha256:40696a9a53faa7d85aaa6fd7bef1cae08f7882640bad08c350fb59dee7ad069b",
                "sha256:421aa1b92c291c429668bd8d8d8ec2bd00f183483a756928e3afbf2b6f941f00",
                "sha256:4437300eb3a5e9cc1a73b07d22c77302f872f339caca97e9bf8cf45eca8fa0d2",
                "sha256:455f4deb00158d5ec8b1d3092df6abb681b225774ab8a59b3510293b4c8530e3",
                "sha256:475a34a0745c456ceffaec4ce86b7e0983478f1b6140890dff7b161e7bcd895b",
                "sha256:4797c0080f41eba90404335e5ded3aa66731d303293a675ff097ce4ea3025bb9",
                "sha256:4ae23fbbe9eadf61279a26eba866bbf161a6f7e2ffad14a42cf20e9cb8e94166",
                "sha256:4b32744901ee9990aa8cd488ec85634f443526def1e5190a407dc107148249d7",
                "sha256:50127b13b38e8e586d5e97d342689405edbd74ad0bd891d97ee126a8c7b6e45f",
                "sha256:50531caa7b4be1c4ed5e2d5793a4e51cc9bd62a919a6fd3299ef7c902e206eab",
                "sha256:68220b81850de8e966d4667d5c325a96c6ac0d6adb3d18935d6e3d325d441f48",
                "sha256:689142dc0c150e9cb7c012d84cac2c346d40beb891323afb6caf18ec4caafae0",
                "sha256:6a15e2bee5c4188369a87ed6f02de804651152634a46cca91966a11c8abd2550",
                "sha256:7122ffe597b531fb065d3314e704a6fe152b81820ca5f38543e70ffcc95ecfd4",
                "sha256:7307024b18266b302f4265da84bb1effb5d18999ef35b30d17592959568d5c0a",
                "sha256:7a4a6f5b818988a3917ec4baa91d1143242bdfece8d38305020463955961266a",
                "sha256:83c5a3ecd96a9f3f11cfe6dfcbcec7323265340eb24cc996acaecea129865a3a",
                "sha256:890b0f1e18dbd898aeb0ab9eae1ab159c6bcbe87f0abb065b0044581d8614062",
                "sha256:8deda1f7b4c03242f2a8037706d9584e703f3d8c74d6d9cac5833db36fe16c42",
                "sha256:8ea13d0348b4c96b437d944d7068d59ed4a6c98aaa6c40d8537a2981313f1c66",
                "sha256:91e96bf85b7c07c827d339a386e8a3cf2e90ef098c42595227f729922d0851df",
                "sha256:96782ebb3c9e91e174c333208b272ea144ed2a684413afb1038e3b3342230d72",
                "sha256:9755c726aa6788f076114dfdc03b92b03ff8860316cca00902cce88bcdb5fedd",
                "sha256:9dbab90c348c512e03f146e93a5e2610acec76df391043ecd46b6b775d5397e6",
                "sha256:9ee0eef254e340cc11c379f797af3977992a7f2c176f1a658740c94bf677e13c",
                "sha256:9fc17fdac8f1973850d42e51e8ba6149d93b1993ed6768a24f352f926dd3d587",
                "sha256:a2787319dc69854acdfd6452e6a8ba8f929aeb20843c7f090e04159fc18e6245",
                "sha256:b7c522292407fa04d8195032493aac937e253ad9ae524aab43b9d9d242571f03",
                "sha256:bd312794f51e37dcf77f013d40650fe4fbb211dd55ef2863839c37480bd44369",
                "sha256:c0d660a186e36c526366edf8a64391874fe53cf8b7039224137aee0163c046df",
                "sha256:c4869141e20769b65d2d72686e7a7eb141ce9f3168106bed3e7dcced54eb2422",
                "sha256:cc4057f692ac35bbe82a0a908d42ce3a281c9e913290fac37d7fa3bd01307dfb",
                "sha256:cccf1e7806f12300e3a3b48f219e111000c2538483e85c869c35c1ae591e6ce9",
                "sha256:ce208f80f398522e49d9db789065c8ad2cd37b21bd6b23d30053474b7416af11",
                "sha256:d0565481dc196986c484a7fb13214fc6402201f7fb55c65fd215b3324962fe6c",
                "sha256:d1b3366329c45a474b3bbc9b9c95d4c686e03f35da7fd12bc144626d1f2a7c04",
                "sha256:d226e0d4b9192d95079a9a29c04dd81816b1ce8903b8c174a39224fe978547cb",
                "sha256:d38b35f6eef4237b1d0d8e845fc1546dad85c55eba447e28c211da8c7ef9697c",
                "sha256:d64c98277ea80e4484f1332ab107e8dfd173a7dcf1bdbf10a9cccc97aaab145f",
                "sha256:d9de8427a5601799784eb0e7fa1b031aa64086ce04de29df775a8ca37eedac41",
                "sha256:e6a15cf8f887d9f578dd49c6fb3a99d53e1d922fdd67a245a67488d77bf56eb2",
                "sha256:e8c446882cbb3774cd78c738c9f58220606b702b7c1655f1423357dc51674054",
                "sha256:e8d188ee39bd0ffe76603da887706e4e7b471f613625899ddf1e27867dc6a0d3",
                "sha256:ef76535776c0708a85258f6dc51d36a2df12633c735f6d197ed7dfcaa7449b99",
                "sha256:f6efca006a81e1197b925a7d7b16b8f61980697bb6746587aad8842865233218"
            ],
            "version": "==3.11.0"
        },
        "pyparsing": {
            "hashes": [
                "sha256:c203ec8783bf771a155b207279b9bccb8dea02d8f0c9e5f8ead507bc3246ecc1",
                "sha256:ef9d7589ef3c200abe66653d3f1ab1033c3c419ae9b9bdb1240a85b024efc88b"
            ],
            "version": "==2.4.7"
        },
        "python-dateutil": {
            "hashes": [
                "sha256:73ebfe9dbf22e832286dafa60473e4cd239f8592f699aa5adaf10050e6e1823c",
                "sha256:75bb3f31ea686f1197762692a9ee6a7550b59fc6ca3a1f4b5d7e32fb98e2da2a"
            ],
            "version": "==2.8.1"
        },
        "pytz": {
            "hashes": [
                "sha256:a494d53b6d39c3c6e44c3bec237336e14305e4f29bbf800b599253057fbb79ed",
                "sha256:c35965d010ce31b23eeb663ed3cc8c906275d6be1a34393a1d73a41febf4a048"
            ],
            "version": "==2020.1"
        },
        "requests": {
            "hashes": [
                "sha256:b3559a131db72c33ee969480840fff4bb6dd111de7dd27c8ee1f820f4f00231b",
                "sha256:fe75cc94a9443b9246fc7049224f75604b113c36acb93f87b80ed42c44cbb898"
            ],
            "version": "==2.24.0"
        },
        "rsa": {
            "hashes": [
                "sha256:109ea5a66744dd859bf16fe904b8d8b627adafb9408753161e766a92e7d681fa",
                "sha256:6166864e23d6b5195a5cfed6cd9fed0fe774e226d8f854fcb23b7bbef0350233"
            ],
            "version": "==4.6"
        },
        "six": {
            "hashes": [
                "sha256:30639c035cdb23534cd4aa2dd52c3bf48f06e5f4a941509c8bafd8ce11080259",
                "sha256:8b74bedcbbbaca38ff6d7491d76f2b06b3592611af620f8426e82dddb04a5ced"
            ],
            "version": "==1.15.0"
        },
        "typing": {
            "hashes": [
                "sha256:1187fb9c82fd670d10aa07bbb6cfcfe4bdda42d6fab8d5134f04e8c4d0b71cc9",
                "sha256:283d868f5071ab9ad873e5e52268d611e851c870a2ba354193026f2dfb29d8b5"
            ],
            "markers": "python_version < '3.8.0'",
            "version": "==3.7.4.3"
        },
        "typing-extensions": {
            "hashes": [
                "sha256:7cb407020f00f7bfc3cb3e7881628838e69d8f3fcab2f64742a5e76b2f841918",
                "sha256:99d4073b617d30288f569d3f13d2bd7548c3a7e4c8de87db09a9d29bb3a4a60c",
                "sha256:dafc7639cde7f1b6e1acc0f457842a83e722ccca8eef5270af2d74792619a89f"
            ],
            "markers": "python_version < '3.8.0'",
            "version": "==3.7.4.3"
        },
        "urllib3": {
            "hashes": [
                "sha256:8d7eaa5a82a1cac232164990f04874c594c9453ec55eef02eab885aa02fc17a2",
                "sha256:f5321fbe4bf3fefa0efd0bfe7fb14e90909eb62a48ccda331726b4319897dd5e"
            ],
            "version": "==1.25.11"
        }
    },
    "develop": {
        "appdirs": {
            "hashes": [
                "sha256:7d5d0167b2b1ba821647616af46a749d1c653740dd0d2415100fe26e27afdf41",
                "sha256:a841dacd6b99318a741b166adb07e19ee71a274450e68237b4650ca1055ab128"
            ],
            "version": "==1.4.4"
        },
        "attrs": {
            "hashes": [
                "sha256:26b54ddbbb9ee1d34d5d3668dd37d6cf74990ab23c828c2888dccdceee395594",
                "sha256:fce7fc47dfc976152e82d53ff92fa0407700c21acd20886a13777a0d20e655dc"
            ],
            "version": "==20.2.0"
        },
        "black": {
            "hashes": [
                "sha256:1b30e59be925fafc1ee4565e5e08abef6b03fe455102883820fe5ee2e4734e0b",
                "sha256:c2edb73a08e9e0e6f65a0e6af18b059b8b1cdd5bef997d7a0b181df93dc81539"
            ],
            "index": "pypi",
            "version": "==19.10b0"
        },
        "bleach": {
            "hashes": [
                "sha256:52b5919b81842b1854196eaae5ca29679a2f2e378905c346d3ca8227c2c66080",
                "sha256:9f8ccbeb6183c6e6cddea37592dfb0167485c1e3b13b3363bc325aa8bda3adbd"
            ],
            "version": "==3.2.1"
        },
        "certifi": {
            "hashes": [
                "sha256:5930595817496dd21bb8dc35dad090f1c2cd0adfaf21204bf6732ca5d8ee34d3",
                "sha256:8fc0819f1f30ba15bdb34cceffb9ef04d99f420f68eb75d901e9560b8749fc41"
            ],
            "version": "==2020.6.20"
        },
        "cffi": {
            "hashes": [
                "sha256:005f2bfe11b6745d726dbb07ace4d53f057de66e336ff92d61b8c7e9c8f4777d",
                "sha256:09e96138280241bd355cd585148dec04dbbedb4f46128f340d696eaafc82dd7b",
                "sha256:0b1ad452cc824665ddc682400b62c9e4f5b64736a2ba99110712fdee5f2505c4",
                "sha256:0ef488305fdce2580c8b2708f22d7785ae222d9825d3094ab073e22e93dfe51f",
                "sha256:15f351bed09897fbda218e4db5a3d5c06328862f6198d4fb385f3e14e19decb3",
                "sha256:22399ff4870fb4c7ef19fff6eeb20a8bbf15571913c181c78cb361024d574579",
                "sha256:23e5d2040367322824605bc29ae8ee9175200b92cb5483ac7d466927a9b3d537",
                "sha256:2791f68edc5749024b4722500e86303a10d342527e1e3bcac47f35fbd25b764e",
                "sha256:2f9674623ca39c9ebe38afa3da402e9326c245f0f5ceff0623dccdac15023e05",
                "sha256:3363e77a6176afb8823b6e06db78c46dbc4c7813b00a41300a4873b6ba63b171",
                "sha256:33c6cdc071ba5cd6d96769c8969a0531be2d08c2628a0143a10a7dcffa9719ca",
                "sha256:3b8eaf915ddc0709779889c472e553f0d3e8b7bdf62dab764c8921b09bf94522",
                "sha256:3cb3e1b9ec43256c4e0f8d2837267a70b0e1ca8c4f456685508ae6106b1f504c",
                "sha256:3eeeb0405fd145e714f7633a5173318bd88d8bbfc3dd0a5751f8c4f70ae629bc",
                "sha256:44f60519595eaca110f248e5017363d751b12782a6f2bd6a7041cba275215f5d",
                "sha256:4d7c26bfc1ea9f92084a1d75e11999e97b62d63128bcc90c3624d07813c52808",
                "sha256:529c4ed2e10437c205f38f3691a68be66c39197d01062618c55f74294a4a4828",
                "sha256:6642f15ad963b5092d65aed022d033c77763515fdc07095208f15d3563003869",
                "sha256:85ba797e1de5b48aa5a8427b6ba62cf69607c18c5d4eb747604b7302f1ec382d",
                "sha256:8f0f1e499e4000c4c347a124fa6a27d37608ced4fe9f7d45070563b7c4c370c9",
                "sha256:a624fae282e81ad2e4871bdb767e2c914d0539708c0f078b5b355258293c98b0",
                "sha256:b0358e6fefc74a16f745afa366acc89f979040e0cbc4eec55ab26ad1f6a9bfbc",
                "sha256:bbd2f4dfee1079f76943767fce837ade3087b578aeb9f69aec7857d5bf25db15",
                "sha256:bf39a9e19ce7298f1bd6a9758fa99707e9e5b1ebe5e90f2c3913a47bc548747c",
                "sha256:c11579638288e53fc94ad60022ff1b67865363e730ee41ad5e6f0a17188b327a",
                "sha256:c150eaa3dadbb2b5339675b88d4573c1be3cb6f2c33a6c83387e10cc0bf05bd3",
                "sha256:c53af463f4a40de78c58b8b2710ade243c81cbca641e34debf3396a9640d6ec1",
                "sha256:cb763ceceae04803adcc4e2d80d611ef201c73da32d8f2722e9d0ab0c7f10768",
                "sha256:cc75f58cdaf043fe6a7a6c04b3b5a0e694c6a9e24050967747251fb80d7bce0d",
                "sha256:d80998ed59176e8cba74028762fbd9b9153b9afc71ea118e63bbf5d4d0f9552b",
                "sha256:de31b5164d44ef4943db155b3e8e17929707cac1e5bd2f363e67a56e3af4af6e",
                "sha256:e66399cf0fc07de4dce4f588fc25bfe84a6d1285cc544e67987d22663393926d",
                "sha256:f0620511387790860b249b9241c2f13c3a80e21a73e0b861a2df24e9d6f56730",
                "sha256:f4eae045e6ab2bb54ca279733fe4eb85f1effda392666308250714e01907f394",
                "sha256:f92cdecb618e5fa4658aeb97d5eb3d2f47aa94ac6477c6daf0f306c5a3b9e6b1",
                "sha256:f92f789e4f9241cd262ad7a555ca2c648a98178a953af117ef7fad46aa1d5591"
            ],
            "version": "==1.14.3"
        },
        "chardet": {
            "hashes": [
                "sha256:84ab92ed1c4d4f16916e05906b6b75a6c0fb5db821cc65e70cbd64a3e2a5eaae",
                "sha256:fc323ffcaeaed0e0a02bf4d117757b98aed530d9ed4531e3e15460124c106691"
            ],
            "version": "==3.0.4"
        },
        "click": {
            "hashes": [
                "sha256:d2b5255c7c6349bc1bd1e59e08cd12acbbd63ce649f2588755783aa94dfb6b1a",
                "sha256:dacca89f4bfadd5de3d7489b7c8a566eee0d3676333fbb50030263894c38c0dc"
            ],
            "version": "==7.1.2"
        },
        "cryptography": {
            "hashes": [
                "sha256:22f8251f68953553af4f9c11ec5f191198bc96cff9f0ac5dd5ff94daede0ee6d",
                "sha256:284e275e3c099a80831f9898fb5c9559120d27675c3521278faba54e584a7832",
                "sha256:3e17d02941c0f169c5b877597ca8be895fca0e5e3eb882526a74aa4804380a98",
                "sha256:52a47e60953679eea0b4d490ca3c241fb1b166a7b161847ef4667dfd49e7699d",
                "sha256:57b8c1ed13b8aa386cabbfde3be175d7b155682470b0e259fecfe53850967f8a",
                "sha256:6a8f64ed096d13f92d1f601a92d9fd1f1025dc73a2ca1ced46dcf5e0d4930943",
                "sha256:6e8a3c7c45101a7eeee93102500e1b08f2307c717ff553fcb3c1127efc9b6917",
                "sha256:7ef41304bf978f33cfb6f43ca13bb0faac0c99cda33693aa20ad4f5e34e8cb8f",
                "sha256:87c2fffd61e934bc0e2c927c3764c20b22d7f5f7f812ee1a477de4c89b044ca6",
                "sha256:88069392cd9a1e68d2cfd5c3a2b0d72a44ef3b24b8977a4f7956e9e3c4c9477a",
                "sha256:8a0866891326d3badb17c5fd3e02c926b635e8923fa271b4813cd4d972a57ff3",
                "sha256:8f0fd8b0751d75c4483c534b209e39e918f0d14232c0d8a2a76e687f64ced831",
                "sha256:9a07e6d255053674506091d63ab4270a119e9fc83462c7ab1dbcb495b76307af",
                "sha256:9a8580c9afcdcddabbd064c0a74f337af74ff4529cdf3a12fa2e9782d677a2e5",
                "sha256:bd80bc156d3729b38cb227a5a76532aef693b7ac9e395eea8063ee50ceed46a5",
                "sha256:d1cbc3426e6150583b22b517ef3720036d7e3152d428c864ff0f3fcad2b97591",
                "sha256:e15ac84dcdb89f92424cbaca4b0b34e211e7ce3ee7b0ec0e4f3c55cee65fae5a",
                "sha256:e4789b84f8dedf190148441f7c5bfe7244782d9cbb194a36e17b91e7d3e1cca9",
                "sha256:f01c9116bfb3ad2831e125a73dcd957d173d6ddca7701528eff1e7d97972872c",
                "sha256:f0e3986f6cce007216b23c490f093f35ce2068f3c244051e559f647f6731b7ae",
                "sha256:f2aa3f8ba9e2e3fd49bd3de743b976ab192fbf0eb0348cebde5d2a9de0090a9f",
                "sha256:fb70a4cedd69dc52396ee114416a3656e011fb0311fca55eb55c7be6ed9c8aef"
            ],
            "index": "pypi",
            "version": "==3.2"
        },
        "docutils": {
            "hashes": [
                "sha256:0c5b78adfbf7762415433f5515cd5c9e762339e23369dbe8000d84a4bf4ab3af",
                "sha256:c2de3a60e9e7d07be26b7f2b00ca0309c207e06c100f9cc2a94931fc75a478fc"
            ],
            "version": "==0.16"
        },
        "idna": {
            "hashes": [
                "sha256:b307872f855b18632ce0c21c5e45be78c0ea7ae4c15c828c20788b26921eb3f6",
                "sha256:b97d804b1e9b523befed77c48dacec60e6dcb0b5391d57af6a65a312a90648c0"
            ],
            "version": "==2.10"
        },
        "importlib-metadata": {
            "hashes": [
                "sha256:77a540690e24b0305878c37ffd421785a6f7e53c8b5720d211b211de8d0e95da",
                "sha256:cefa1a2f919b866c5beb7c9f7b0ebb4061f30a8a9bf16d609b000e2dfaceb9c3"
            ],
            "markers": "python_version < '3.8'",
            "version": "==2.0.0"
        },
        "jeepney": {
            "hashes": [
                "sha256:3479b861cc2b6407de5188695fa1a8d57e5072d7059322469b62628869b8e36e",
                "sha256:d6c6b49683446d2407d2fe3acb7a368a77ff063f9182fe427da15d622adc24cf"
            ],
            "markers": "sys_platform == 'linux'",
            "version": "==0.4.3"
        },
        "keyring": {
            "hashes": [
                "sha256:4e34ea2fdec90c1c43d6610b5a5fafa1b9097db1802948e90caf5763974b8f8d",
                "sha256:9aeadd006a852b78f4b4ef7c7556c2774d2432bbef8ee538a3e9089ac8b11466"
            ],
            "version": "==21.4.0"
        },
        "mypy": {
            "hashes": [
                "sha256:0308c35fd16c96a81b8dfc4d09ec63b8fa607cfec087acf5aafb44c2c45197de",
                "sha256:39f7be2f89668d21b2bbab45ce5aa15e69bf8d6f3b46f9e1cc1a88e4fcc84f3d",
                "sha256:4223f576813c79a10d0fd14192c86f1b85e3bd235c93792f22ed811a20b5ee4e",
                "sha256:4c8f812a2fbefa96185933fbe05aa035e9cf791cf3a23bbdb6a219c80b60e0b1",
                "sha256:4ea9ee847ea5bb38ea275441f3aea7eeba1b96187a3f968ee359d33d9dcc0eda",
                "sha256:573c68df69f0e399fa57866a0b72989acf0a56c4008eee59c789c2ca5ea9df03",
                "sha256:588c0e38466306aa7dbe6522ceacf37dde8b13cfa5edde90be2ce382f078875f",
                "sha256:6d1bd2e675823a19e6bf72149540ab9851bfe698b796aea698fb926ab2bedd02",
                "sha256:aa8e3bd1540dd5c39ef580ec2146a9c99c45f7c62af890095fec9e87b5ca19fb",
                "sha256:b978ba1ea90d0abe2fc720ec9a41824b7d3a1304569bd58c9038d8d61dc4dfdb",
                "sha256:c85c5367c2e8247e06cc0aba84e3633e90f48e8a0677bc51b351e138b5ff80b1",
                "sha256:ce69577b424058bfa177df27213869f37c1e964c3e1ebd3b3d54f1d10b234c4d",
                "sha256:ec6eaf98a57624d96d9916352a5bad2d73959f6358fabf43838f7d1a4d2f8389"
            ],
            "index": "pypi",
            "version": "==0.760"
        },
        "mypy-extensions": {
            "hashes": [
                "sha256:090fedd75945a69ae91ce1303b5824f428daf5a028d2f6ab8a299250a846f15d",
                "sha256:2d82818f5bb3e369420cb3c4060a7970edba416647068eb4c5343488a6c604a8"
            ],
            "version": "==0.4.3"
        },
        "nose": {
            "hashes": [
                "sha256:9ff7c6cc443f8c51994b34a667bbcf45afd6d945be7477b52e97516fd17c53ac",
                "sha256:dadcddc0aefbf99eea214e0f1232b94f2fa9bd98fa8353711dacb112bfcbbb2a",
                "sha256:f1bffef9cbc82628f6e7d7b40d7e255aefaa1adb6a1b1d26c69a8b79e6208a98"
            ],
            "index": "pypi",
            "version": "==1.3.7"
        },
        "packaging": {
            "hashes": [
                "sha256:4357f74f47b9c12db93624a82154e9b120fa8293699949152b22065d556079f8",
                "sha256:998416ba6962ae7fbd6596850b80e17859a5753ba17c32284f67bfff33784181"
            ],
            "version": "==20.4"
        },
        "pathspec": {
            "hashes": [
                "sha256:7d91249d21749788d07a2d0f94147accd8f845507400749ea19c1ec9054a12b0",
                "sha256:da45173eb3a6f2a5a487efba21f050af2b41948be6ab52b6a1e3ff22bb8b7061"
            ],
            "version": "==0.8.0"
        },
        "pkginfo": {
            "hashes": [
                "sha256:a6a4ac943b496745cec21f14f021bbd869d5e9b4f6ec06918cffea5a2f4b9193",
                "sha256:ce14d7296c673dc4c61c759a0b6c14bae34e34eb819c0017bb6ca5b7292c56e9"
            ],
            "version": "==1.6.1"
        },
        "pycparser": {
            "hashes": [
                "sha256:2d475327684562c3a96cc71adf7dc8c4f0565175cf86b6d7a404ff4c771f15f0",
                "sha256:7582ad22678f0fcd81102833f60ef8d0e57288b6b5fb00323d101be910e35705"
            ],
            "version": "==2.20"
        },
        "pygments": {
            "hashes": [
                "sha256:381985fcc551eb9d37c52088a32914e00517e57f4a21609f48141ba08e193fa0",
                "sha256:88a0bbcd659fcb9573703957c6b9cff9fab7295e6e76db54c9d00ae42df32773"
            ],
            "version": "==2.7.2"
        },
        "pyparsing": {
            "hashes": [
                "sha256:c203ec8783bf771a155b207279b9bccb8dea02d8f0c9e5f8ead507bc3246ecc1",
                "sha256:ef9d7589ef3c200abe66653d3f1ab1033c3c419ae9b9bdb1240a85b024efc88b"
            ],
            "version": "==2.4.7"
        },
        "readme-renderer": {
            "hashes": [
                "sha256:267854ac3b1530633c2394ead828afcd060fc273217c42ac36b6be9c42cd9a9d",
                "sha256:6b7e5aa59210a40de72eb79931491eaf46fefca2952b9181268bd7c7c65c260a"
            ],
            "version": "==28.0"
        },
        "regex": {
            "hashes": [
                "sha256:0cb23ed0e327c18fb7eac61ebbb3180ebafed5b9b86ca2e15438201e5903b5dd",
                "sha256:1a065e7a6a1b4aa851a0efa1a2579eabc765246b8b3a5fd74000aaa3134b8b4e",
                "sha256:1a511470db3aa97432ac8c1bf014fcc6c9fbfd0f4b1313024d342549cf86bcd6",
                "sha256:1c447b0d108cddc69036b1b3910fac159f2b51fdeec7f13872e059b7bc932be1",
                "sha256:2278453c6a76280b38855a263198961938108ea2333ee145c5168c36b8e2b376",
                "sha256:240509721a663836b611fa13ca1843079fc52d0b91ef3f92d9bba8da12e768a0",
                "sha256:4e21340c07090ddc8c16deebfd82eb9c9e1ec5e62f57bb86194a2595fd7b46e0",
                "sha256:570e916a44a361d4e85f355aacd90e9113319c78ce3c2d098d2ddf9631b34505",
                "sha256:59d5c6302d22c16d59611a9fd53556554010db1d47e9df5df37be05007bebe75",
                "sha256:6a46eba253cedcbe8a6469f881f014f0a98819d99d341461630885139850e281",
                "sha256:6f567df0601e9c7434958143aebea47a9c4b45434ea0ae0286a4ec19e9877169",
                "sha256:781906e45ef1d10a0ed9ec8ab83a09b5e0d742de70e627b20d61ccb1b1d3964d",
                "sha256:8469377a437dbc31e480993399fd1fd15fe26f382dc04c51c9cb73e42965cc06",
                "sha256:8cd0d587aaac74194ad3e68029124c06245acaeddaae14cb45844e5c9bebeea4",
                "sha256:97a023f97cddf00831ba04886d1596ef10f59b93df7f855856f037190936e868",
                "sha256:a973d5a7a324e2a5230ad7c43f5e1383cac51ef4903bf274936a5634b724b531",
                "sha256:af360e62a9790e0a96bc9ac845d87bfa0e4ee0ee68547ae8b5a9c1030517dbef",
                "sha256:b706c70070eea03411b1761fff3a2675da28d042a1ab7d0863b3efe1faa125c9",
                "sha256:bfd7a9fddd11d116a58b62ee6c502fd24cfe22a4792261f258f886aa41c2a899",
                "sha256:c30d8766a055c22e39dd7e1a4f98f6266169f2de05db737efe509c2fb9c8a3c8",
                "sha256:c53dc8ee3bb7b7e28ee9feb996a0c999137be6c1d3b02cb6b3c4cba4f9e5ed09",
                "sha256:c95d514093b80e5309bdca5dd99e51bcf82c44043b57c34594d9d7556bd04d05",
                "sha256:d43cf21df524283daa80ecad551c306b7f52881c8d0fe4e3e76a96b626b6d8d8",
                "sha256:d62205f00f461fe8b24ade07499454a3b7adf3def1225e258b994e2215fd15c5",
                "sha256:e289a857dca3b35d3615c3a6a438622e20d1bf0abcb82c57d866c8d0be3f44c4",
                "sha256:e5f6aa56dda92472e9d6f7b1e6331f4e2d51a67caafff4d4c5121cadac03941e",
                "sha256:f4b1c65ee86bfbf7d0c3dfd90592a9e3d6e9ecd36c367c884094c050d4c35d04"
            ],
            "version": "==2020.10.23"
        },
        "requests": {
            "hashes": [
                "sha256:b3559a131db72c33ee969480840fff4bb6dd111de7dd27c8ee1f820f4f00231b",
                "sha256:fe75cc94a9443b9246fc7049224f75604b113c36acb93f87b80ed42c44cbb898"
            ],
            "version": "==2.24.0"
        },
        "requests-toolbelt": {
            "hashes": [
                "sha256:380606e1d10dc85c3bd47bf5a6095f815ec007be7a8b69c878507068df059e6f",
                "sha256:968089d4584ad4ad7c171454f0a5c6dac23971e9472521ea3b6d49d610aa6fc0"
            ],
            "version": "==0.9.1"
        },
        "secretstorage": {
            "hashes": [
                "sha256:15da8a989b65498e29be338b3b279965f1b8f09b9668bd8010da183024c8bff6",
                "sha256:b5ec909dde94d4ae2fa26af7c089036997030f0cf0a5cb372b4cccabd81c143b"
            ],
            "markers": "sys_platform == 'linux'",
            "version": "==3.1.2"
        },
        "six": {
            "hashes": [
                "sha256:30639c035cdb23534cd4aa2dd52c3bf48f06e5f4a941509c8bafd8ce11080259",
                "sha256:8b74bedcbbbaca38ff6d7491d76f2b06b3592611af620f8426e82dddb04a5ced"
            ],
            "version": "==1.15.0"
        },
        "toml": {
            "hashes": [
                "sha256:926b612be1e5ce0634a2ca03470f95169cf16f939018233a670519cb4ac58b0f",
                "sha256:bda89d5935c2eac546d648028b9901107a595863cb36bae0c73ac804a9b4ce88"
            ],
            "version": "==0.10.1"
        },
        "tqdm": {
            "hashes": [
                "sha256:9ad44aaf0fc3697c06f6e05c7cf025dd66bc7bcb7613c66d85f4464c47ac8fad",
                "sha256:ef54779f1c09f346b2b5a8e5c61f96fbcb639929e640e59f8cf810794f406432"
            ],
            "version": "==4.51.0"
        },
        "twine": {
            "hashes": [
                "sha256:c1af8ca391e43b0a06bbc155f7f67db0bf0d19d284bfc88d1675da497a946124",
                "sha256:d561a5e511f70275e5a485a6275ff61851c16ffcb3a95a602189161112d9f160"
            ],
            "index": "pypi",
            "version": "==3.1.1"
        },
        "typed-ast": {
            "hashes": [
                "sha256:0666aa36131496aed8f7be0410ff974562ab7eeac11ef351def9ea6fa28f6355",
                "sha256:0c2c07682d61a629b68433afb159376e24e5b2fd4641d35424e462169c0a7919",
                "sha256:0d8110d78a5736e16e26213114a38ca35cb15b6515d535413b090bd50951556d",
                "sha256:249862707802d40f7f29f6e1aad8d84b5aa9e44552d2cc17384b209f091276aa",
                "sha256:24995c843eb0ad11a4527b026b4dde3da70e1f2d8806c99b7b4a7cf491612652",
                "sha256:269151951236b0f9a6f04015a9004084a5ab0d5f19b57de779f908621e7d8b75",
                "sha256:3742b32cf1c6ef124d57f95be609c473d7ec4c14d0090e5a5e05a15269fb4d0c",
                "sha256:4083861b0aa07990b619bd7ddc365eb7fa4b817e99cf5f8d9cf21a42780f6e01",
                "sha256:498b0f36cc7054c1fead3d7fc59d2150f4d5c6c56ba7fb150c013fbc683a8d2d",
                "sha256:4e3e5da80ccbebfff202a67bf900d081906c358ccc3d5e3c8aea42fdfdfd51c1",
                "sha256:6daac9731f172c2a22ade6ed0c00197ee7cc1221aa84cfdf9c31defeb059a907",
                "sha256:715ff2f2df46121071622063fc7543d9b1fd19ebfc4f5c8895af64a77a8c852c",
                "sha256:73d785a950fc82dd2a25897d525d003f6378d1cb23ab305578394694202a58c3",
                "sha256:8c8aaad94455178e3187ab22c8b01a3837f8ee50e09cf31f1ba129eb293ec30b",
                "sha256:8ce678dbaf790dbdb3eba24056d5364fb45944f33553dd5869b7580cdbb83614",
                "sha256:92c325624e304ebf0e025d1224b77dd4e6393f18aab8d829b5b7e04afe9b7a2c",
                "sha256:aaee9905aee35ba5905cfb3c62f3e83b3bec7b39413f0a7f19be4e547ea01ebb",
                "sha256:b52ccf7cfe4ce2a1064b18594381bccf4179c2ecf7f513134ec2f993dd4ab395",
                "sha256:bcd3b13b56ea479b3650b82cabd6b5343a625b0ced5429e4ccad28a8973f301b",
                "sha256:c9e348e02e4d2b4a8b2eedb48210430658df6951fa484e59de33ff773fbd4b41",
                "sha256:d205b1b46085271b4e15f670058ce182bd1199e56b317bf2ec004b6a44f911f6",
                "sha256:d43943ef777f9a1c42bf4e552ba23ac77a6351de620aa9acf64ad54933ad4d34",
                "sha256:d5d33e9e7af3b34a40dc05f498939f0ebf187f07c385fd58d591c533ad8562fe",
                "sha256:d648b8e3bf2fe648745c8ffcee3db3ff903d0817a01a12dd6a6ea7a8f4889072",
                "sha256:fac11badff8313e23717f3dada86a15389d0708275bddf766cca67a84ead3e91",
                "sha256:fc0fea399acb12edbf8a628ba8d2312f583bdbdb3335635db062fa98cf71fca4",
                "sha256:fe460b922ec15dd205595c9b5b99e2f056fd98ae8f9f56b888e7a17dc2b757e7"
            ],
            "version": "==1.4.1"
        },
        "typing-extensions": {
            "hashes": [
                "sha256:7cb407020f00f7bfc3cb3e7881628838e69d8f3fcab2f64742a5e76b2f841918",
                "sha256:99d4073b617d30288f569d3f13d2bd7548c3a7e4c8de87db09a9d29bb3a4a60c",
                "sha256:dafc7639cde7f1b6e1acc0f457842a83e722ccca8eef5270af2d74792619a89f"
            ],
            "markers": "python_version < '3.8.0'",
            "version": "==3.7.4.3"
        },
        "urllib3": {
            "hashes": [
                "sha256:8d7eaa5a82a1cac232164990f04874c594c9453ec55eef02eab885aa02fc17a2",
                "sha256:f5321fbe4bf3fefa0efd0bfe7fb14e90909eb62a48ccda331726b4319897dd5e"
            ],
            "version": "==1.25.11"
        },
        "webencodings": {
            "hashes": [
                "sha256:a0af1213f3c2226497a97e2b3aa01a7e4bee4f403f95be16fc9acd2947514a78",
                "sha256:b36a1c245f2d304965eb4e0a82848379241dc04b865afcc4aab16748587e1923"
            ],
            "version": "==0.5.1"
        },
        "zipp": {
            "hashes": [
                "sha256:102c24ef8f171fd729d46599845e95c7ab894a4cf45f5de11a44cc7444fb1108",
                "sha256:ed5eee1974372595f9e416cc7bbeeb12335201d8081ca8a0743c954d4446e5cb"
            ],
            "version": "==3.4.0"
        }
    }
}
